
Microsoft Visual Studio Solution File, Format Version 12.00
# Visual Studio Version 17
VisualStudioVersion = 17.5.002.0
MinimumVisualStudioVersion = 10.0.40219.1
Project("{9A19103F-16F7-4668-BE54-9A1E7A4F7556}") = "ApiServi", "ApiServi.csproj", "{325EDA36-5604-472B-B2E7-B2ACAEF7CD20}"
EndProject
Global
	GlobalSection(SolutionConfigurationPlatforms) = preSolution
		Debug|Any CPU = Debug|Any CPU
		Release|Any CPU = Release|Any CPU
	EndGlobalSection
	GlobalSection(ProjectConfigurationPlatforms) = postSolution
		{325EDA36-5604-472B-B2E7-B2ACAEF7CD20}.Debug|Any CPU.ActiveCfg = Debug|Any CPU
		{325EDA36-5604-472B-B2E7-B2ACAEF7CD20}.Debug|Any CPU.Build.0 = Debug|Any CPU
		{325EDA36-5604-472B-B2E7-B2ACAEF7CD20}.Release|Any CPU.ActiveCfg = Release|Any CPU
		{325EDA36-5604-472B-B2E7-B2ACAEF7CD20}.Release|Any CPU.Build.0 = Release|Any CPU
	EndGlobalSection
	GlobalSection(SolutionProperties) = preSolution
		HideSolutionNode = FALSE
	EndGlobalSection
	GlobalSection(ExtensibilityGlobals) = postSolution
		SolutionGuid = {074BF692-72BF-468A-89A4-95C552D46F1B}
	EndGlobalSection
EndGlobal
